
Microsoft Visual Studio Solution File, Format Version 12.00
# Visual Studio Version 17
VisualStudioVersion = 17.2.32519.379
MinimumVisualStudioVersion = 10.0.40219.1
Project("{FAE04EC0-301F-11D3-BF4B-00C04F79EFBC}") = "BuilderPattern", "BuilderPattern\BuilderPattern.csproj", "{81581C59-9452-4DDA-83D2-B66B6FC502A6}"
EndProject
Global
	GlobalSection(SolutionConfigurationPlatforms) = preSolution
		Debug|Any CPU = Debug|Any CPU
		Release|Any CPU = Release|Any CPU
	EndGlobalSection
	GlobalSection(ProjectConfigurationPlatforms) = postSolution
		{81581C59-9452-4DDA-83D2-B66B6FC502A6}.Debug|Any CPU.ActiveCfg = Debug|Any CPU
		{81581C59-9452-4DDA-83D2-B66B6FC502A6}.Debug|Any CPU.Build.0 = Debug|Any CPU
		{81581C59-9452-4DDA-83D2-B66B6FC502A6}.Release|Any CPU.ActiveCfg = Release|Any CPU
		{81581C59-9452-4DDA-83D2-B66B6FC502A6}.Release|Any CPU.Build.0 = Release|Any CPU
	EndGlobalSection
	GlobalSection(SolutionProperties) = preSolution
		HideSolutionNode = FALSE
	EndGlobalSection
	GlobalSection(ExtensibilityGlobals) = postSolution
		SolutionGuid = {E6ED9572-3599-411B-BD50-07A12EA42D97}
	EndGlobalSection
EndGlobal
