
Microsoft Visual Studio Solution File, Format Version 12.00
# Visual Studio Version 17
VisualStudioVersion = 17.2.32519.379
MinimumVisualStudioVersion = 10.0.40219.1
Project("{FAE04EC0-301F-11D3-BF4B-00C04F79EFBC}") = "StrategyPattern", "StrategyPattern\StrategyPattern.csproj", "{47CDD33D-CE0E-497D-A87B-4B858AD16AFF}"
EndProject
Global
	GlobalSection(SolutionConfigurationPlatforms) = preSolution
		Debug|Any CPU = Debug|Any CPU
		Release|Any CPU = Release|Any CPU
	EndGlobalSection
	GlobalSection(ProjectConfigurationPlatforms) = postSolution
		{47CDD33D-CE0E-497D-A87B-4B858AD16AFF}.Debug|Any CPU.ActiveCfg = Debug|Any CPU
		{47CDD33D-CE0E-497D-A87B-4B858AD16AFF}.Debug|Any CPU.Build.0 = Debug|Any CPU
		{47CDD33D-CE0E-497D-A87B-4B858AD16AFF}.Release|Any CPU.ActiveCfg = Release|Any CPU
		{47CDD33D-CE0E-497D-A87B-4B858AD16AFF}.Release|Any CPU.Build.0 = Release|Any CPU
	EndGlobalSection
	GlobalSection(SolutionProperties) = preSolution
		HideSolutionNode = FALSE
	EndGlobalSection
	GlobalSection(ExtensibilityGlobals) = postSolution
		SolutionGuid = {1008F9BA-2993-46BD-BB88-419E8569C857}
	EndGlobalSection
EndGlobal
